
Microsoft Visual Studio Solution File, Format Version 12.00
# Visual Studio Version 17
VisualStudioVersion = 17.14.36301.6 d17.14
MinimumVisualStudioVersion = 10.0.40219.1
Project("{FAE04EC0-301F-11D3-BF4B-00C04F79EFBC}") = "HelloWorld", "HelloWorld\HelloWorld.csproj", "{80521DCA-6B22-46AD-99F2-136619C3954E}"
EndProject
Global
	GlobalSection(SolutionConfigurationPlatforms) = preSolution
		Debug|Any CPU = Debug|Any CPU
		Release|Any CPU = Release|Any CPU
	EndGlobalSection
	GlobalSection(ProjectConfigurationPlatforms) = postSolution
		{80521DCA-6B22-46AD-99F2-136619C3954E}.Debug|Any CPU.ActiveCfg = Debug|Any CPU
		{80521DCA-6B22-46AD-99F2-136619C3954E}.Debug|Any CPU.Build.0 = Debug|Any CPU
		{80521DCA-6B22-46AD-99F2-136619C3954E}.Release|Any CPU.ActiveCfg = Release|Any CPU
		{80521DCA-6B22-46AD-99F2-136619C3954E}.Release|Any CPU.Build.0 = Release|Any CPU
	EndGlobalSection
	GlobalSection(SolutionProperties) = preSolution
		HideSolutionNode = FALSE
	EndGlobalSection
	GlobalSection(ExtensibilityGlobals) = postSolution
		SolutionGuid = {4B272414-FA7B-4171-B25A-298F66AD1453}
	EndGlobalSection
EndGlobal
